
Microsoft Visual Studio Solution File, Format Version 12.00
# Visual Studio 2013
VisualStudioVersion = 12.0.30110.0
MinimumVisualStudioVersion = 10.0.40219.1
Project("{FAE04EC0-301F-11D3-BF4B-00C04F79EFBC}") = "mixit-2015-Fruit-Shop", "mixit-2015-Fruit-Shop.csproj", "{118030E9-2677-4C9C-8465-C0BBD81AFA80}"
EndProject
Project("{FAE04EC0-301F-11D3-BF4B-00C04F79EFBC}") = "mixit-2015-Fruit-Shop.Test", "mixit-2015-Fruit-Shop.Test\mixit-2015-Fruit-Shop.Test.csproj", "{CF16FD8E-7E68-4C89-940B-7C70740AF3AD}"
EndProject
Global
	GlobalSection(SolutionConfigurationPlatforms) = preSolution
		Debug|Any CPU = Debug|Any CPU
		Release|Any CPU = Release|Any CPU
	EndGlobalSection
	GlobalSection(ProjectConfigurationPlatforms) = postSolution
		{118030E9-2677-4C9C-8465-C0BBD81AFA80}.Debug|Any CPU.ActiveCfg = Debug|Any CPU
		{118030E9-2677-4C9C-8465-C0BBD81AFA80}.Debug|Any CPU.Build.0 = Debug|Any CPU
		{118030E9-2677-4C9C-8465-C0BBD81AFA80}.Release|Any CPU.ActiveCfg = Release|Any CPU
		{118030E9-2677-4C9C-8465-C0BBD81AFA80}.Release|Any CPU.Build.0 = Release|Any CPU
		{CF16FD8E-7E68-4C89-940B-7C70740AF3AD}.Debug|Any CPU.ActiveCfg = Debug|Any CPU
		{CF16FD8E-7E68-4C89-940B-7C70740AF3AD}.Debug|Any CPU.Build.0 = Debug|Any CPU
		{CF16FD8E-7E68-4C89-940B-7C70740AF3AD}.Release|Any CPU.ActiveCfg = Release|Any CPU
		{CF16FD8E-7E68-4C89-940B-7C70740AF3AD}.Release|Any CPU.Build.0 = Release|Any CPU
	EndGlobalSection
	GlobalSection(SolutionProperties) = preSolution
		HideSolutionNode = FALSE
	EndGlobalSection
EndGlobal
